// !$*UTF8*$!
{
	archiveVersion = 1;
	classes = {
	};
	objectVersion = 50;
	objects = {

/* Begin PBXBuildFile section */
		49777A10256A590E009DF296 /* AppDelegate.swift in Sources */ = {isa = PBXBuildFile; fileRef = 49777A0F256A590E009DF296 /* AppDelegate.swift */; };
		49777A12256A590E009DF296 /* SceneDelegate.swift in Sources */ = {isa = PBXBuildFile; fileRef = 49777A11256A590E009DF296 /* SceneDelegate.swift */; };
		49777A14256A590E009DF296 /* ViewController.swift in Sources */ = {isa = PBXBuildFile; fileRef = 49777A13256A590E009DF296 /* ViewController.swift */; };
		49777A17256A590E009DF296 /* Main.storyboard in Resources */ = {isa = PBXBuildFile; fileRef = 49777A15256A590E009DF296 /* Main.storyboard */; };
		49777A1A256A590E009DF296 /* Storage.xcdatamodeld in Sources */ = {isa = PBXBuildFile; fileRef = 49777A18256A590E009DF296 /* Storage.xcdatamodeld */; };
		49777A1C256A5910009DF296 /* Assets.xcassets in Resources */ = {isa = PBXBuildFile; fileRef = 49777A1B256A5910009DF296 /* Assets.xcassets */; };
		49777A1F256A5910009DF296 /* LaunchScreen.storyboard in Resources */ = {isa = PBXBuildFile; fileRef = 49777A1D256A5910009DF296 /* LaunchScreen.storyboard */; };
		49777A2A256A5910009DF296 /* StorageTests.swift in Sources */ = {isa = PBXBuildFile; fileRef = 49777A29256A5910009DF296 /* StorageTests.swift */; };
		49777A35256A5910009DF296 /* StorageUITests.swift in Sources */ = {isa = PBXBuildFile; fileRef = 49777A34256A5910009DF296 /* StorageUITests.swift */; };
/* End PBXBuildFile section */

/* Begin PBXContainerItemProxy section */
		49777A26256A5910009DF296 /* PBXContainerItemProxy */ = {
			isa = PBXContainerItemProxy;
			containerPortal = 49777A04256A590E009DF296 /* Project object */;
			proxyType = 1;
			remoteGlobalIDString = 49777A0B256A590E009DF296;
			remoteInfo = Storage;
		};
		49777A31256A5910009DF296 /* PBXContainerItemProxy */ = {
			isa = PBXContainerItemProxy;
			containerPortal = 49777A04256A590E009DF296 /* Project object */;
			proxyType = 1;
			remoteGlobalIDString = 49777A0B256A590E009DF296;
			remoteInfo = Storage;
		};
/* End PBXContainerItemProxy section */

/* Begin PBXFileReference section */
		49777A0C256A590E009DF296 /* Storage.app */ = {isa = PBXFileReference; explicitFileType = wrapper.application; includeInIndex = 0; path = Storage.app; sourceTree = BUILT_PRODUCTS_DIR; };
		49777A0F256A590E009DF296 /* AppDelegate.swift */ = {isa = PBXFileReference; lastKnownFileType = sourcecode.swift; path = AppDelegate.swift; sourceTree = "<group>"; };
		49777A11256A590E009DF296 /* SceneDelegate.swift */ = {isa = PBXFileReference; lastKnownFileType = sourcecode.swift; path = SceneDelegate.swift; sourceTree = "<group>"; };
		49777A13256A590E009DF296 /* ViewController.swift */ = {isa = PBXFileReference; lastKnownFileType = sourcecode.swift; path = ViewController.swift; sourceTree = "<group>"; };
		49777A16256A590E009DF296 /* Base */ = {isa = PBXFileReference; lastKnownFileType = file.storyboard; name = Base; path = Base.lproj/Main.storyboard; sourceTree = "<group>"; };
		49777A19256A590E009DF296 /* Storage.xcdatamodel */ = {isa = PBXFileReference; lastKnownFileType = wrapper.xcdatamodel; path = Storage.xcdatamodel; sourceTree = "<group>"; };
		49777A1B256A5910009DF296 /* Assets.xcassets */ = {isa = PBXFileReference; lastKnownFileType = folder.assetcatalog; path = Assets.xcassets; sourceTree = "<group>"; };
		49777A1E256A5910009DF296 /* Base */ = {isa = PBXFileReference; lastKnownFileType = file.storyboard; name = Base; path = Base.lproj/LaunchScreen.storyboard; sourceTree = "<group>"; };
		49777A20256A5910009DF296 /* Info.plist */ = {isa = PBXFileReference; lastKnownFileType = text.plist.xml; path = Info.plist; sourceTree = "<group>"; };
		49777A25256A5910009DF296 /* StorageTests.xctest */ = {isa = PBXFileReference; explicitFileType = wrapper.cfbundle; includeInIndex = 0; path = StorageTests.xctest; sourceTree = BUILT_PRODUCTS_DIR; };
		49777A29256A5910009DF296 /* StorageTests.swift */ = {isa = PBXFileReference; lastKnownFileType = sourcecode.swift; path = StorageTests.swift; sourceTree = "<group>"; };
		49777A2B256A5910009DF296 /* Info.plist */ = {isa = PBXFileReference; lastKnownFileType = text.plist.xml; path = Info.plist; sourceTree = "<group>"; };
		49777A30256A5910009DF296 /* StorageUITests.xctest */ = {isa = PBXFileReference; explicitFileType = wrapper.cfbundle; includeInIndex = 0; path = StorageUITests.xctest; sourceTree = BUILT_PRODUCTS_DIR; };
		49777A34256A5910009DF296 /* StorageUITests.swift */ = {isa = PBXFileReference; lastKnownFileType = sourcecode.swift; path = StorageUITests.swift; sourceTree = "<group>"; };
		49777A36256A5910009DF296 /* Info.plist */ = {isa = PBXFileReference; lastKnownFileType = text.plist.xml; path = Info.plist; sourceTree = "<group>"; };
/* End PBXFileReference section */

/* Begin PBXFrameworksBuildPhase section */
		49777A09256A590E009DF296 /* Frameworks */ = {
			isa = PBXFrameworksBuildPhase;
			buildActionMask = 2147483647;
			files = (
			);
			runOnlyForDeploymentPostprocessing = 0;
		};
		49777A22256A5910009DF296 /* Frameworks */ = {
			isa = PBXFrameworksBuildPhase;
			buildActionMask = 2147483647;
			files = (
			);
			runOnlyForDeploymentPostprocessing = 0;
		};
		49777A2D256A5910009DF296 /* Frameworks */ = {
			isa = PBXFrameworksBuildPhase;
			buildActionMask = 2147483647;
			files = (
			);
			runOnlyForDeploymentPostprocessing = 0;
		};
/* End PBXFrameworksBuildPhase section */

/* Begin PBXGroup section */
		49777A03256A590E009DF296 = {
			isa = PBXGroup;
			children = (
				49777A0E256A590E009DF296 /* Storage */,
				49777A28256A5910009DF296 /* StorageTests */,
				49777A33256A5910009DF296 /* StorageUITests */,
				49777A0D256A590E009DF296 /* Products */,
			);
			sourceTree = "<group>";
		};
		49777A0D256A590E009DF296 /* Products */ = {
			isa = PBXGroup;
			children = (
				49777A0C256A590E009DF296 /* Storage.app */,
				49777A25256A5910009DF296 /* StorageTests.xctest */,
				49777A30256A5910009DF296 /* StorageUITests.xctest */,
			);
			name = Products;
			sourceTree = "<group>";
		};
		49777A0E256A590E009DF296 /* Storage */ = {
			isa = PBXGroup;
			children = (
				49777A0F256A590E009DF296 /* AppDelegate.swift */,
				49777A11256A590E009DF296 /* SceneDelegate.swift */,
				49777A13256A590E009DF296 /* ViewController.swift */,
				49777A15256A590E009DF296 /* Main.storyboard */,
				49777A1B256A5910009DF296 /* Assets.xcassets */,
				49777A1D256A5910009DF296 /* LaunchScreen.storyboard */,
				49777A20256A5910009DF296 /* Info.plist */,
				49777A18256A590E009DF296 /* Storage.xcdatamodeld */,
			);
			path = Storage;
			sourceTree = "<group>";
		};
		49777A28256A5910009DF296 /* StorageTests */ = {
			isa = PBXGroup;
			children = (
				49777A29256A5910009DF296 /* StorageTests.swift */,
				49777A2B256A5910009DF296 /* Info.plist */,
			);
			path = StorageTests;
			sourceTree = "<group>";
		};
		49777A33256A5910009DF296 /* StorageUITests */ = {
			isa = PBXGroup;
			children = (
				49777A34256A5910009DF296 /* StorageUITests.swift */,
				49777A36256A5910009DF296 /* Info.plist */,
			);
			path = StorageUITests;
			sourceTree = "<group>";
		};
/* End PBXGroup section */

/* Begin PBXNativeTarget section */
		49777A0B256A590E009DF296 /* Storage */ = {
			isa = PBXNativeTarget;
			buildConfigurationList = 49777A39256A5910009DF296 /* Build configuration list for PBXNativeTarget "Storage" */;
			buildPhases = (
				49777A08256A590E009DF296 /* Sources */,
				49777A09256A590E009DF296 /* Frameworks */,
				49777A0A256A590E009DF296 /* Resources */,
			);
			buildRules = (
			);
			dependencies = (
			);
			name = Storage;
			productName = Storage;
			productReference = 49777A0C256A590E009DF296 /* Storage.app */;
			productType = "com.apple.product-type.application";
		};
		49777A24256A5910009DF296 /* StorageTests */ = {
			isa = PBXNativeTarget;
			buildConfigurationList = 49777A3C256A5910009DF296 /* Build configuration list for PBXNativeTarget "StorageTests" */;
			buildPhases = (
				49777A21256A5910009DF296 /* Sources */,
				49777A22256A5910009DF296 /* Frameworks */,
				49777A23256A5910009DF296 /* Resources */,
			);
			buildRules = (
			);
			dependencies = (
				49777A27256A5910009DF296 /* PBXTargetDependency */,
			);
			name = StorageTests;
			productName = StorageTests;
			productReference = 49777A25256A5910009DF296 /* StorageTests.xctest */;
			productType = "com.apple.product-type.bundle.unit-test";
		};
		49777A2F256A5910009DF296 /* StorageUITests */ = {
			isa = PBXNativeTarget;
			buildConfigurationList = 49777A3F256A5910009DF296 /* Build configuration list for PBXNativeTarget "StorageUITests" */;
			buildPhases = (
				49777A2C256A5910009DF296 /* Sources */,
				49777A2D256A5910009DF296 /* Frameworks */,
				49777A2E256A5910009DF296 /* Resources */,
			);
			buildRules = (
			);
			dependencies = (
				49777A32256A5910009DF296 /* PBXTargetDependency */,
			);
			name = StorageUITests;
			productName = StorageUITests;
			productReference = 49777A30256A5910009DF296 /* StorageUITests.xctest */;
			productType = "com.apple.product-type.bundle.ui-testing";
		};
/* End PBXNativeTarget section */

/* Begin PBXProject section */
		49777A04256A590E009DF296 /* Project object */ = {
			isa = PBXProject;
			attributes = {
				LastSwiftUpdateCheck = 1200;
				LastUpgradeCheck = 1200;
				TargetAttributes = {
					49777A0B256A590E009DF296 = {
						CreatedOnToolsVersion = 12.0;
					};
					49777A24256A5910009DF296 = {
						CreatedOnToolsVersion = 12.0;
						TestTargetID = 49777A0B256A590E009DF296;
					};
					49777A2F256A5910009DF296 = {
						CreatedOnToolsVersion = 12.0;
						TestTargetID = 49777A0B256A590E009DF296;
					};
				};
			};
			buildConfigurationList = 49777A07256A590E009DF296 /* Build configuration list for PBXProject "Storage" */;
			compatibilityVersion = "Xcode 9.3";
			developmentRegion = en;
			hasScannedForEncodings = 0;
			knownRegions = (
				en,
				Base,
			);
			mainGroup = 49777A03256A590E009DF296;
			productRefGroup = 49777A0D256A590E009DF296 /* Products */;
			projectDirPath = "";
			projectRoot = "";
			targets = (
				49777A0B256A590E009DF296 /* Storage */,
				49777A24256A5910009DF296 /* StorageTests */,
				49777A2F256A5910009DF296 /* StorageUITests */,
			);
		};
/* End PBXProject section */

/* Begin PBXResourcesBuildPhase section */
		49777A0A256A590E009DF296 /* Resources */ = {
			isa = PBXResourcesBuildPhase;
			buildActionMask = 2147483647;
			files = (
				49777A1F256A5910009DF296 /* LaunchScreen.storyboard in Resources */,
				49777A1C256A5910009DF296 /* Assets.xcassets in Resources */,
				49777A17256A590E009DF296 /* Main.storyboard in Resources */,
			);
			runOnlyForDeploymentPostprocessing = 0;
		};
		49777A23256A5910009DF296 /* Resources */ = {
			isa = PBXResourcesBuildPhase;
			buildActionMask = 2147483647;
			files = (
			);
			runOnlyForDeploymentPostprocessing = 0;
		};
		49777A2E256A5910009DF296 /* Resources */ = {
			isa = PBXResourcesBuildPhase;
			buildActionMask = 2147483647;
			files = (
			);
			runOnlyForDeploymentPostprocessing = 0;
		};
/* End PBXResourcesBuildPhase section */

/* Begin PBXSourcesBuildPhase section */
		49777A08256A590E009DF296 /* Sources */ = {
			isa = PBXSourcesBuildPhase;
			buildActionMask = 2147483647;
			files = (
				49777A14256A590E009DF296 /* ViewController.swift in Sources */,
				49777A1A256A590E009DF296 /* Storage.xcdatamodeld in Sources */,
				49777A10256A590E009DF296 /* AppDelegate.swift in Sources */,
				49777A12256A590E009DF296 /* SceneDelegate.swift in Sources */,
			);
			runOnlyForDeploymentPostprocessing = 0;
		};
		49777A21256A5910009DF296 /* Sources */ = {
			isa = PBXSourcesBuildPhase;
			buildActionMask = 2147483647;
			files = (
				49777A2A256A5910009DF296 /* StorageTests.swift in Sources */,
			);
			runOnlyForDeploymentPostprocessing = 0;
		};
		49777A2C256A5910009DF296 /* Sources */ = {
			isa = PBXSourcesBuildPhase;
			buildActionMask = 2147483647;
			files = (
				49777A35256A5910009DF296 /* StorageUITests.swift in Sources */,
			);
			runOnlyForDeploymentPostprocessing = 0;
		};
/* End PBXSourcesBuildPhase section */

/* Begin PBXTargetDependency section */
		49777A27256A5910009DF296 /* PBXTargetDependency */ = {
			isa = PBXTargetDependency;
			target = 49777A0B256A590E009DF296 /* Storage */;
			targetProxy = 49777A26256A5910009DF296 /* PBXContainerItemProxy */;
		};
		49777A32256A5910009DF296 /* PBXTargetDependency */ = {
			isa = PBXTargetDependency;
			target = 49777A0B256A590E009DF296 /* Storage */;
			targetProxy = 49777A31256A5910009DF296 /* PBXContainerItemProxy */;
		};
/* End PBXTargetDependency section */

/* Begin PBXVariantGroup section */
		49777A15256A590E009DF296 /* Main.storyboard */ = {
			isa = PBXVariantGroup;
			children = (
				49777A16256A590E009DF296 /* Base */,
			);
			name = Main.storyboard;
			sourceTree = "<group>";
		};
		49777A1D256A5910009DF296 /* LaunchScreen.storyboard */ = {
			isa = PBXVariantGroup;
			children = (
				49777A1E256A5910009DF296 /* Base */,
			);
			name = LaunchScreen.storyboard;
			sourceTree = "<group>";
		};
/* End PBXVariantGroup section */

/* Begin XCBuildConfiguration section */
		49777A37256A5910009DF296 /* Debug */ = {
			isa = XCBuildConfiguration;
			buildSettings = {
				ALWAYS_SEARCH_USER_PATHS = NO;
				CLANG_ANALYZER_NONNULL = YES;
				CLANG_ANALYZER_NUMBER_OBJECT_CONVERSION = YES_AGGRESSIVE;
				CLANG_CXX_LANGUAGE_STANDARD = "gnu++14";
				CLANG_CXX_LIBRARY = "libc++";
				CLANG_ENABLE_MODULES = YES;
				CLANG_ENABLE_OBJC_ARC = YES;
				CLANG_ENABLE_OBJC_WEAK = YES;
				CLANG_WARN_BLOCK_CAPTURE_AUTORELEASING = YES;
				CLANG_WARN_BOOL_CONVERSION = YES;
				CLANG_WARN_COMMA = YES;
				CLANG_WARN_CONSTANT_CONVERSION = YES;
				CLANG_WARN_DEPRECATED_OBJC_IMPLEMENTATIONS = YES;
				CLANG_WARN_DIRECT_OBJC_ISA_USAGE = YES_ERROR;
				CLANG_WARN_DOCUMENTATION_COMMENTS = YES;
				CLANG_WARN_EMPTY_BODY = YES;
				CLANG_WARN_ENUM_CONVERSION = YES;
				CLANG_WARN_INFINITE_RECURSION = YES;
				CLANG_WARN_INT_CONVERSION = YES;
				CLANG_WARN_NON_LITERAL_NULL_CONVERSION = YES;
				CLANG_WARN_OBJC_IMPLICIT_RETAIN_SELF = YES;
				CLANG_WARN_OBJC_LITERAL_CONVERSION = YES;
				CLANG_WARN_OBJC_ROOT_CLASS = YES_ERROR;
				CLANG_WARN_QUOTED_INCLUDE_IN_FRAMEWORK_HEADER = YES;
				CLANG_WARN_RANGE_LOOP_ANALYSIS = YES;
				CLANG_WARN_STRICT_PROTOTYPES = YES;
				CLANG_WARN_SUSPICIOUS_MOVE = YES;
				CLANG_WARN_UNGUARDED_AVAILABILITY = YES_AGGRESSIVE;
				CLANG_WARN_UNREACHABLE_CODE = YES;
				CLANG_WARN__DUPLICATE_METHOD_MATCH = YES;
				COPY_PHASE_STRIP = NO;
				DEBUG_INFORMATION_FORMAT = dwarf;
				ENABLE_STRICT_OBJC_MSGSEND = YES;
				ENABLE_TESTABILITY = YES;
				GCC_C_LANGUAGE_STANDARD = gnu11;
				GCC_DYNAMIC_NO_PIC = NO;
				GCC_NO_COMMON_BLOCKS = YES;
				GCC_OPTIMIZATION_LEVEL = 0;
				GCC_PREPROCESSOR_DEFINITIONS = (
					"DEBUG=1",
					"$(inherited)",
				);
				GCC_WARN_64_TO_32_BIT_CONVERSION = YES;
				GCC_WARN_ABOUT_RETURN_TYPE = YES_ERROR;
				GCC_WARN_UNDECLARED_SELECTOR = YES;
				GCC_WARN_UNINITIALIZED_AUTOS = YES_AGGRESSIVE;
				GCC_WARN_UNUSED_FUNCTION = YES;
				GCC_WARN_UNUSED_VARIABLE = YES;
				IPHONEOS_DEPLOYMENT_TARGET = 14.0;
				MTL_ENABLE_DEBUG_INFO = INCLUDE_SOURCE;
				MTL_FAST_MATH = YES;
				ONLY_ACTIVE_ARCH = YES;
				SDKROOT = iphoneos;
				SWIFT_ACTIVE_COMPILATION_CONDITIONS = DEBUG;
				SWIFT_OPTIMIZATION_LEVEL = "-Onone";
			};
			name = Debug;
		};
		49777A38256A5910009DF296 /* Release */ = {
			isa = XCBuildConfiguration;
			buildSettings = {
				ALWAYS_SEARCH_USER_PATHS = NO;
				CLANG_ANALYZER_NONNULL = YES;
				CLANG_ANALYZER_NUMBER_OBJECT_CONVERSION = YES_AGGRESSIVE;
				CLANG_CXX_LANGUAGE_STANDARD = "gnu++14";
				CLANG_CXX_LIBRARY = "libc++";
				CLANG_ENABLE_MODULES = YES;
				CLANG_ENABLE_OBJC_ARC = YES;
				CLANG_ENABLE_OBJC_WEAK = YES;
				CLANG_WARN_BLOCK_CAPTURE_AUTORELEASING = YES;
				CLANG_WARN_BOOL_CONVERSION = YES;
				CLANG_WARN_COMMA = YES;
				CLANG_WARN_CONSTANT_CONVERSION = YES;
				CLANG_WARN_DEPRECATED_OBJC_IMPLEMENTATIONS = YES;
				CLANG_WARN_DIRECT_OBJC_ISA_USAGE = YES_ERROR;
				CLANG_WARN_DOCUMENTATION_COMMENTS = YES;
				CLANG_WARN_EMPTY_BODY = YES;
				CLANG_WARN_ENUM_CONVERSION = YES;
				CLANG_WARN_INFINITE_RECURSION = YES;
				CLANG_WARN_INT_CONVERSION = YES;
				CLANG_WARN_NON_LITERAL_NULL_CONVERSION = YES;
				CLANG_WARN_OBJC_IMPLICIT_RETAIN_SELF = YES;
				CLANG_WARN_OBJC_LITERAL_CONVERSION = YES;
				CLANG_WARN_OBJC_ROOT_CLASS = YES_ERROR;
				CLANG_WARN_QUOTED_INCLUDE_IN_FRAMEWORK_HEADER = YES;
				CLANG_WARN_RANGE_LOOP_ANALYSIS = YES;
				CLANG_WARN_STRICT_PROTOTYPES = YES;
				CLANG_WARN_SUSPICIOUS_MOVE = YES;
				CLANG_WARN_UNGUARDED_AVAILABILITY = YES_AGGRESSIVE;
				CLANG_WARN_UNREACHABLE_CODE = YES;
				CLANG_WARN__DUPLICATE_METHOD_MATCH = YES;
				COPY_PHASE_STRIP = NO;
				DEBUG_INFORMATION_FORMAT = "dwarf-with-dsym";
				ENABLE_NS_ASSERTIONS = NO;
				ENABLE_STRICT_OBJC_MSGSEND = YES;
				GCC_C_LANGUAGE_STANDARD = gnu11;
				GCC_NO_COMMON_BLOCKS = YES;
				GCC_WARN_64_TO_32_BIT_CONVERSION = YES;
				GCC_WARN_ABOUT_RETURN_TYPE = YES_ERROR;
				GCC_WARN_UNDECLARED_SELECTOR = YES;
				GCC_WARN_UNINITIALIZED_AUTOS = YES_AGGRESSIVE;
				GCC_WARN_UNUSED_FUNCTION = YES;
				GCC_WARN_UNUSED_VARIABLE = YES;
				IPHONEOS_DEPLOYMENT_TARGET = 14.0;
				MTL_ENABLE_DEBUG_INFO = NO;
				MTL_FAST_MATH = YES;
				SDKROOT = iphoneos;
				SWIFT_COMPILATION_MODE = wholemodule;
				SWIFT_OPTIMIZATION_LEVEL = "-O";
				VALIDATE_PRODUCT = YES;
			};
			name = Release;
		};
		49777A3A256A5910009DF296 /* Debug */ = {
			isa = XCBuildConfiguration;
			buildSettings = {
				ASSETCATALOG_COMPILER_APPICON_NAME = AppIcon;
				ASSETCATALOG_COMPILER_GLOBAL_ACCENT_COLOR_NAME = AccentColor;
				CODE_SIGN_STYLE = Automatic;
				INFOPLIST_FILE = Storage/Info.plist;
				LD_RUNPATH_SEARCH_PATHS = (
					"$(inherited)",
					"@executable_path/Frameworks",
				);
				PRODUCT_BUNDLE_IDENTIFIER = team.odds.Storage;
				PRODUCT_NAME = "$(TARGET_NAME)";
				SWIFT_VERSION = 5.0;
				TARGETED_DEVICE_FAMILY = "1,2";
			};
			name = Debug;
		};
		49777A3B256A5910009DF296 /* Release */ = {
			isa = XCBuildConfiguration;
			buildSettings = {
				ASSETCATALOG_COMPILER_APPICON_NAME = AppIcon;
				ASSETCATALOG_COMPILER_GLOBAL_ACCENT_COLOR_NAME = AccentColor;
				CODE_SIGN_STYLE = Automatic;
				INFOPLIST_FILE = Storage/Info.plist;
				LD_RUNPATH_SEARCH_PATHS = (
					"$(inherited)",
					"@executable_path/Frameworks",
				);
				PRODUCT_BUNDLE_IDENTIFIER = team.odds.Storage;
				PRODUCT_NAME = "$(TARGET_NAME)";
				SWIFT_VERSION = 5.0;
				TARGETED_DEVICE_FAMILY = "1,2";
			};
			name = Release;
		};
		49777A3D256A5910009DF296 /* Debug */ = {
			isa = XCBuildConfiguration;
			buildSettings = {
				ALWAYS_EMBED_SWIFT_STANDARD_LIBRARIES = YES;
				BUNDLE_LOADER = "$(TEST_HOST)";
				CODE_SIGN_STYLE = Automatic;
				INFOPLIST_FILE = StorageTests/Info.plist;
				IPHONEOS_DEPLOYMENT_TARGET = 14.0;
				LD_RUNPATH_SEARCH_PATHS = (
					"$(inherited)",
					"@executable_path/Frameworks",
					"@loader_path/Frameworks",
				);
				PRODUCT_BUNDLE_IDENTIFIER = team.odds.StorageTests;
				PRODUCT_NAME = "$(TARGET_NAME)";
				SWIFT_VERSION = 5.0;
				TARGETED_DEVICE_FAMILY = "1,2";
				TEST_HOST = "$(BUILT_PRODUCTS_DIR)/Storage.app/Storage";
			};
			name = Debug;
		};
		49777A3E256A5910009DF296 /* Release */ = {
			isa = XCBuildConfiguration;
			buildSettings = {
				ALWAYS_EMBED_SWIFT_STANDARD_LIBRARIES = YES;
				BUNDLE_LOADER = "$(TEST_HOST)";
				CODE_SIGN_STYLE = Automatic;
				INFOPLIST_FILE = StorageTests/Info.plist;
				IPHONEOS_DEPLOYMENT_TARGET = 14.0;
				LD_RUNPATH_SEARCH_PATHS = (
					"$(inherited)",
					"@executable_path/Frameworks",
					"@loader_path/Frameworks",
				);
				PRODUCT_BUNDLE_IDENTIFIER = team.odds.StorageTests;
				PRODUCT_NAME = "$(TARGET_NAME)";
				SWIFT_VERSION = 5.0;
				TARGETED_DEVICE_FAMILY = "1,2";
				TEST_HOST = "$(BUILT_PRODUCTS_DIR)/Storage.app/Storage";
			};
			name = Release;
		};
		49777A40256A5910009DF296 /* Debug */ = {
			isa = XCBuildConfiguration;
			buildSettings = {
				ALWAYS_EMBED_SWIFT_STANDARD_LIBRARIES = YES;
				CODE_SIGN_STYLE = Automatic;
				INFOPLIST_FILE = StorageUITests/Info.plist;
				LD_RUNPATH_SEARCH_PATHS = (
					"$(inherited)",
					"@executable_path/Frameworks",
					"@loader_path/Frameworks",
				);
				PRODUCT_BUNDLE_IDENTIFIER = team.odds.StorageUITests;
				PRODUCT_NAME = "$(TARGET_NAME)";
				SWIFT_VERSION = 5.0;
				TARGETED_DEVICE_FAMILY = "1,2";
				TEST_TARGET_NAME = Storage;
			};
			name = Debug;
		};
		49777A41256A5910009DF296 /* Release */ = {
			isa = XCBuildConfiguration;
			buildSettings = {
				ALWAYS_EMBED_SWIFT_STANDARD_LIBRARIES = YES;
				CODE_SIGN_STYLE = Automatic;
				INFOPLIST_FILE = StorageUITests/Info.plist;
				LD_RUNPATH_SEARCH_PATHS = (
					"$(inherited)",
					"@executable_path/Frameworks",
					"@loader_path/Frameworks",
				);
				PRODUCT_BUNDLE_IDENTIFIER = team.odds.StorageUITests;
				PRODUCT_NAME = "$(TARGET_NAME)";
				SWIFT_VERSION = 5.0;
				TARGETED_DEVICE_FAMILY = "1,2";
				TEST_TARGET_NAME = Storage;
			};
			name = Release;
		};
/* End XCBuildConfiguration section */

/* Begin XCConfigurationList section */
		49777A07256A590E009DF296 /* Build configuration list for PBXProject "Storage" */ = {
			isa = XCConfigurationList;
			buildConfigurations = (
				49777A37256A5910009DF296 /* Debug */,
				49777A38256A5910009DF296 /* Release */,
			);
			defaultConfigurationIsVisible = 0;
			defaultConfigurationName = Release;
		};
		49777A39256A5910009DF296 /* Build configuration list for PBXNativeTarget "Storage" */ = {
			isa = XCConfigurationList;
			buildConfigurations = (
				49777A3A256A5910009DF296 /* Debug */,
				49777A3B256A5910009DF296 /* Release */,
			);
			defaultConfigurationIsVisible = 0;
			defaultConfigurationName = Release;
		};
		49777A3C256A5910009DF296 /* Build configuration list for PBXNativeTarget "StorageTests" */ = {
			isa = XCConfigurationList;
			buildConfigurations = (
				49777A3D256A5910009DF296 /* Debug */,
				49777A3E256A5910009DF296 /* Release */,
			);
			defaultConfigurationIsVisible = 0;
			defaultConfigurationName = Release;
		};
		49777A3F256A5910009DF296 /* Build configuration list for PBXNativeTarget "StorageUITests" */ = {
			isa = XCConfigurationList;
			buildConfigurations = (
				49777A40256A5910009DF296 /* Debug */,
				49777A41256A5910009DF296 /* Release */,
			);
			defaultConfigurationIsVisible = 0;
			defaultConfigurationName = Release;
		};
/* End XCConfigurationList section */

/* Begin XCVersionGroup section */
		49777A18256A590E009DF296 /* Storage.xcdatamodeld */ = {
			isa = XCVersionGroup;
			children = (
				49777A19256A590E009DF296 /* Storage.xcdatamodel */,
			);
			currentVersion = 49777A19256A590E009DF296 /* Storage.xcdatamodel */;
			path = Storage.xcdatamodeld;
			sourceTree = "<group>";
			versionGroupType = wrapper.xcdatamodel;
		};
/* End XCVersionGroup section */
	};
	rootObject = 49777A04256A590E009DF296 /* Project object */;
}
